
Microsoft Visual Studio Solution File, Format Version 12.00
# Visual Studio 15
VisualStudioVersion = 15.0.28307.168
MinimumVisualStudioVersion = 10.0.40219.1
Project("{FAE04EC0-301F-11D3-BF4B-00C04F79EFBC}") = "c0732152", "c0732152\c0732152.csproj", "{B1EBD128-DD48-46D8-AB2A-6CEA4563ACD3}"
EndProject
Global
	GlobalSection(SolutionConfigurationPlatforms) = preSolution
		Debug|Any CPU = Debug|Any CPU
		Release|Any CPU = Release|Any CPU
	EndGlobalSection
	GlobalSection(ProjectConfigurationPlatforms) = postSolution
		{B1EBD128-DD48-46D8-AB2A-6CEA4563ACD3}.Debug|Any CPU.ActiveCfg = Debug|Any CPU
		{B1EBD128-DD48-46D8-AB2A-6CEA4563ACD3}.Debug|Any CPU.Build.0 = Debug|Any CPU
		{B1EBD128-DD48-46D8-AB2A-6CEA4563ACD3}.Release|Any CPU.ActiveCfg = Release|Any CPU
		{B1EBD128-DD48-46D8-AB2A-6CEA4563ACD3}.Release|Any CPU.Build.0 = Release|Any CPU
	EndGlobalSection
	GlobalSection(SolutionProperties) = preSolution
		HideSolutionNode = FALSE
	EndGlobalSection
	GlobalSection(ExtensibilityGlobals) = postSolution
		SolutionGuid = {7A884808-7C96-4CFA-B385-D3385A9918A6}
	EndGlobalSection
EndGlobal
