
Microsoft Visual Studio Solution File, Format Version 12.00
# Visual Studio 15
VisualStudioVersion = 15.0.28307.168
MinimumVisualStudioVersion = 10.0.40219.1
Project("{FAE04EC0-301F-11D3-BF4B-00C04F79EFBC}") = "732152", "732152\732152.csproj", "{A2D4C4E3-E1E2-4CA0-8BCC-2CEE8D9588EE}"
EndProject
Global
	GlobalSection(SolutionConfigurationPlatforms) = preSolution
		Debug|Any CPU = Debug|Any CPU
		Release|Any CPU = Release|Any CPU
	EndGlobalSection
	GlobalSection(ProjectConfigurationPlatforms) = postSolution
		{A2D4C4E3-E1E2-4CA0-8BCC-2CEE8D9588EE}.Debug|Any CPU.ActiveCfg = Debug|Any CPU
		{A2D4C4E3-E1E2-4CA0-8BCC-2CEE8D9588EE}.Debug|Any CPU.Build.0 = Debug|Any CPU
		{A2D4C4E3-E1E2-4CA0-8BCC-2CEE8D9588EE}.Release|Any CPU.ActiveCfg = Release|Any CPU
		{A2D4C4E3-E1E2-4CA0-8BCC-2CEE8D9588EE}.Release|Any CPU.Build.0 = Release|Any CPU
	EndGlobalSection
	GlobalSection(SolutionProperties) = preSolution
		HideSolutionNode = FALSE
	EndGlobalSection
	GlobalSection(ExtensibilityGlobals) = postSolution
		SolutionGuid = {967C46DA-8F4B-46D4-82DA-602E88AA32A0}
	EndGlobalSection
EndGlobal
